
Microsoft Visual Studio Solution File, Format Version 12.00
# Visual Studio 15
VisualStudioVersion = 15.0.28010.2046
MinimumVisualStudioVersion = 10.0.40219.1
Project("{FAE04EC0-301F-11D3-BF4B-00C04F79EFBC}") = "C0452_AHConsoleApp1", "C0452_AHConsoleApp1\C0452_AHConsoleApp1.csproj", "{0479EC15-447F-45DC-BF25-FBE480B1221A}"
EndProject
Global
	GlobalSection(SolutionConfigurationPlatforms) = preSolution
		Debug|Any CPU = Debug|Any CPU
		Release|Any CPU = Release|Any CPU
	EndGlobalSection
	GlobalSection(ProjectConfigurationPlatforms) = postSolution
		{0479EC15-447F-45DC-BF25-FBE480B1221A}.Debug|Any CPU.ActiveCfg = Debug|Any CPU
		{0479EC15-447F-45DC-BF25-FBE480B1221A}.Debug|Any CPU.Build.0 = Debug|Any CPU
		{0479EC15-447F-45DC-BF25-FBE480B1221A}.Release|Any CPU.ActiveCfg = Release|Any CPU
		{0479EC15-447F-45DC-BF25-FBE480B1221A}.Release|Any CPU.Build.0 = Release|Any CPU
	EndGlobalSection
	GlobalSection(SolutionProperties) = preSolution
		HideSolutionNode = FALSE
	EndGlobalSection
	GlobalSection(ExtensibilityGlobals) = postSolution
		SolutionGuid = {FBDF5E72-E273-4E8C-A519-88D5AE6B2CB0}
	EndGlobalSection
EndGlobal
